
Microsoft Visual Studio Solution File, Format Version 12.00
# Visual Studio Version 17
VisualStudioVersion = 17.11.35312.102
MinimumVisualStudioVersion = 10.0.40219.1
Project("{FAE04EC0-301F-11D3-BF4B-00C04F79EFBC}") = "AquaticPetShop", "AquaticPetShop.csproj", "{72966633-13DD-4D1A-ADA1-44C49D19A543}"
EndProject
Global
	GlobalSection(SolutionConfigurationPlatforms) = preSolution
		Debug|Any CPU = Debug|Any CPU
		Release|Any CPU = Release|Any CPU
	EndGlobalSection
	GlobalSection(ProjectConfigurationPlatforms) = postSolution
		{72966633-13DD-4D1A-ADA1-44C49D19A543}.Debug|Any CPU.ActiveCfg = Debug|Any CPU
		{72966633-13DD-4D1A-ADA1-44C49D19A543}.Debug|Any CPU.Build.0 = Debug|Any CPU
		{72966633-13DD-4D1A-ADA1-44C49D19A543}.Release|Any CPU.ActiveCfg = Release|Any CPU
		{72966633-13DD-4D1A-ADA1-44C49D19A543}.Release|Any CPU.Build.0 = Release|Any CPU
	EndGlobalSection
	GlobalSection(SolutionProperties) = preSolution
		HideSolutionNode = FALSE
	EndGlobalSection
	GlobalSection(ExtensibilityGlobals) = postSolution
		SolutionGuid = {F870E526-7574-4C88-BD3E-ED681C7B05DE}
	EndGlobalSection
EndGlobal
